// !$*UTF8*$!
{
	archiveVersion = 1;
	classes = {
	};
	objectVersion = 56;
	objects = {

/* Begin PBXBuildFile section */
		281DF5692AEEA4460049D1B9 /* RealityKitContent in Frameworks */ = {isa = PBXBuildFile; productRef = 281DF5682AEEA4460049D1B9 /* RealityKitContent */; };
		281DF56B2AEEA4460049D1B9 /* VisionGesturesApp.swift in Sources */ = {isa = PBXBuildFile; fileRef = 281DF56A2AEEA4460049D1B9 /* VisionGesturesApp.swift */; };
		281DF56D2AEEA4460049D1B9 /* ContentView.swift in Sources */ = {isa = PBXBuildFile; fileRef = 281DF56C2AEEA4460049D1B9 /* ContentView.swift */; };
		281DF56F2AEEA4470049D1B9 /* Assets.xcassets in Resources */ = {isa = PBXBuildFile; fileRef = 281DF56E2AEEA4470049D1B9 /* Assets.xcassets */; };
		281DF5722AEEA4470049D1B9 /* Preview Assets.xcassets in Resources */ = {isa = PBXBuildFile; fileRef = 281DF5712AEEA4470049D1B9 /* Preview Assets.xcassets */; };
		28C029A42B13B124006C4CB6 /* CubeTapGestureDetailView.swift in Sources */ = {isa = PBXBuildFile; fileRef = 28C029A32B13B124006C4CB6 /* CubeTapGestureDetailView.swift */; };
		28C029A62B13B14C006C4CB6 /* CubeSpatialTapGestureDetailView.swift in Sources */ = {isa = PBXBuildFile; fileRef = 28C029A52B13B14C006C4CB6 /* CubeSpatialTapGestureDetailView.swift */; };
		28C029A82B13B154006C4CB6 /* CubeLongPressGestureDetailView.swift in Sources */ = {isa = PBXBuildFile; fileRef = 28C029A72B13B154006C4CB6 /* CubeLongPressGestureDetailView.swift */; };
		28C029AA2B13B15E006C4CB6 /* CubeSpatialEventGestureDetailView.swift in Sources */ = {isa = PBXBuildFile; fileRef = 28C029A92B13B15E006C4CB6 /* CubeSpatialEventGestureDetailView.swift */; };
		28C029AC2B13B167006C4CB6 /* CubeDragGestureDetailView.swift in Sources */ = {isa = PBXBuildFile; fileRef = 28C029AB2B13B167006C4CB6 /* CubeDragGestureDetailView.swift */; };
		28C029AE2B13B179006C4CB6 /* CubeMagnifyGestureDetailView.swift in Sources */ = {isa = PBXBuildFile; fileRef = 28C029AD2B13B179006C4CB6 /* CubeMagnifyGestureDetailView.swift */; };
		28C029B02B13B183006C4CB6 /* CubeRotateGestureDetailView.swift in Sources */ = {isa = PBXBuildFile; fileRef = 28C029AF2B13B183006C4CB6 /* CubeRotateGestureDetailView.swift */; };
		28C029B22B13B18A006C4CB6 /* CubeRotateGesture3DDetailView.swift in Sources */ = {isa = PBXBuildFile; fileRef = 28C029B12B13B18A006C4CB6 /* CubeRotateGesture3DDetailView.swift */; };
		28C029B42B13B1B9006C4CB6 /* CubeView.swift in Sources */ = {isa = PBXBuildFile; fileRef = 28C029B32B13B1B9006C4CB6 /* CubeView.swift */; };
/* End PBXBuildFile section */

/* Begin PBXFileReference section */
		281DF5632AEEA4460049D1B9 /* VisionGestures.app */ = {isa = PBXFileReference; explicitFileType = wrapper.application; includeInIndex = 0; path = VisionGestures.app; sourceTree = BUILT_PRODUCTS_DIR; };
		281DF5672AEEA4460049D1B9 /* RealityKitContent */ = {isa = PBXFileReference; lastKnownFileType = wrapper; path = RealityKitContent; sourceTree = "<group>"; };
		281DF56A2AEEA4460049D1B9 /* VisionGesturesApp.swift */ = {isa = PBXFileReference; lastKnownFileType = sourcecode.swift; path = VisionGesturesApp.swift; sourceTree = "<group>"; };
		281DF56C2AEEA4460049D1B9 /* ContentView.swift */ = {isa = PBXFileReference; lastKnownFileType = sourcecode.swift; path = ContentView.swift; sourceTree = "<group>"; };
		281DF56E2AEEA4470049D1B9 /* Assets.xcassets */ = {isa = PBXFileReference; lastKnownFileType = folder.assetcatalog; path = Assets.xcassets; sourceTree = "<group>"; };
		281DF5712AEEA4470049D1B9 /* Preview Assets.xcassets */ = {isa = PBXFileReference; lastKnownFileType = folder.assetcatalog; path = "Preview Assets.xcassets"; sourceTree = "<group>"; };
		281DF5732AEEA4470049D1B9 /* Info.plist */ = {isa = PBXFileReference; lastKnownFileType = text.plist.xml; path = Info.plist; sourceTree = "<group>"; };
		28C029A32B13B124006C4CB6 /* CubeTapGestureDetailView.swift */ = {isa = PBXFileReference; lastKnownFileType = sourcecode.swift; path = CubeTapGestureDetailView.swift; sourceTree = "<group>"; };
		28C029A52B13B14C006C4CB6 /* CubeSpatialTapGestureDetailView.swift */ = {isa = PBXFileReference; lastKnownFileType = sourcecode.swift; path = CubeSpatialTapGestureDetailView.swift; sourceTree = "<group>"; };
		28C029A72B13B154006C4CB6 /* CubeLongPressGestureDetailView.swift */ = {isa = PBXFileReference; lastKnownFileType = sourcecode.swift; path = CubeLongPressGestureDetailView.swift; sourceTree = "<group>"; };
		28C029A92B13B15E006C4CB6 /* CubeSpatialEventGestureDetailView.swift */ = {isa = PBXFileReference; lastKnownFileType = sourcecode.swift; path = CubeSpatialEventGestureDetailView.swift; sourceTree = "<group>"; };
		28C029AB2B13B167006C4CB6 /* CubeDragGestureDetailView.swift */ = {isa = PBXFileReference; lastKnownFileType = sourcecode.swift; path = CubeDragGestureDetailView.swift; sourceTree = "<group>"; };
		28C029AD2B13B179006C4CB6 /* CubeMagnifyGestureDetailView.swift */ = {isa = PBXFileReference; lastKnownFileType = sourcecode.swift; path = CubeMagnifyGestureDetailView.swift; sourceTree = "<group>"; };
		28C029AF2B13B183006C4CB6 /* CubeRotateGestureDetailView.swift */ = {isa = PBXFileReference; lastKnownFileType = sourcecode.swift; path = CubeRotateGestureDetailView.swift; sourceTree = "<group>"; };
		28C029B12B13B18A006C4CB6 /* CubeRotateGesture3DDetailView.swift */ = {isa = PBXFileReference; lastKnownFileType = sourcecode.swift; path = CubeRotateGesture3DDetailView.swift; sourceTree = "<group>"; };
		28C029B32B13B1B9006C4CB6 /* CubeView.swift */ = {isa = PBXFileReference; lastKnownFileType = sourcecode.swift; path = CubeView.swift; sourceTree = "<group>"; };
/* End PBXFileReference section */

/* Begin PBXFrameworksBuildPhase section */
		281DF5602AEEA4460049D1B9 /* Frameworks */ = {
			isa = PBXFrameworksBuildPhase;
			buildActionMask = 2147483647;
			files = (
				281DF5692AEEA4460049D1B9 /* RealityKitContent in Frameworks */,
			);
			runOnlyForDeploymentPostprocessing = 0;
		};
/* End PBXFrameworksBuildPhase section */

/* Begin PBXGroup section */
		281DF55A2AEEA4460049D1B9 = {
			isa = PBXGroup;
			children = (
				281DF5652AEEA4460049D1B9 /* VisionGestures */,
				281DF5662AEEA4460049D1B9 /* Packages */,
				281DF5642AEEA4460049D1B9 /* Products */,
			);
			sourceTree = "<group>";
		};
		281DF5642AEEA4460049D1B9 /* Products */ = {
			isa = PBXGroup;
			children = (
				281DF5632AEEA4460049D1B9 /* VisionGestures.app */,
			);
			name = Products;
			sourceTree = "<group>";
		};
		281DF5652AEEA4460049D1B9 /* VisionGestures */ = {
			isa = PBXGroup;
			children = (
				281DF56A2AEEA4460049D1B9 /* VisionGesturesApp.swift */,
				281DF56C2AEEA4460049D1B9 /* ContentView.swift */,
				28C029B32B13B1B9006C4CB6 /* CubeView.swift */,
				28C029A22B13B112006C4CB6 /* GestureViews */,
				281DF56E2AEEA4470049D1B9 /* Assets.xcassets */,
				281DF5732AEEA4470049D1B9 /* Info.plist */,
				281DF5702AEEA4470049D1B9 /* Preview Content */,
			);
			path = VisionGestures;
			sourceTree = "<group>";
		};
		281DF5662AEEA4460049D1B9 /* Packages */ = {
			isa = PBXGroup;
			children = (
				281DF5672AEEA4460049D1B9 /* RealityKitContent */,
			);
			path = Packages;
			sourceTree = "<group>";
		};
		281DF5702AEEA4470049D1B9 /* Preview Content */ = {
			isa = PBXGroup;
			children = (
				281DF5712AEEA4470049D1B9 /* Preview Assets.xcassets */,
			);
			path = "Preview Content";
			sourceTree = "<group>";
		};
		28C029A22B13B112006C4CB6 /* GestureViews */ = {
			isa = PBXGroup;
			children = (
				28C029A32B13B124006C4CB6 /* CubeTapGestureDetailView.swift */,
				28C029A52B13B14C006C4CB6 /* CubeSpatialTapGestureDetailView.swift */,
				28C029A72B13B154006C4CB6 /* CubeLongPressGestureDetailView.swift */,
				28C029A92B13B15E006C4CB6 /* CubeSpatialEventGestureDetailView.swift */,
				28C029AB2B13B167006C4CB6 /* CubeDragGestureDetailView.swift */,
				28C029AD2B13B179006C4CB6 /* CubeMagnifyGestureDetailView.swift */,
				28C029AF2B13B183006C4CB6 /* CubeRotateGestureDetailView.swift */,
				28C029B12B13B18A006C4CB6 /* CubeRotateGesture3DDetailView.swift */,
			);
			path = GestureViews;
			sourceTree = "<group>";
		};
/* End PBXGroup section */

/* Begin PBXNativeTarget section */
		281DF5622AEEA4460049D1B9 /* VisionGestures */ = {
			isa = PBXNativeTarget;
			buildConfigurationList = 281DF5762AEEA4470049D1B9 /* Build configuration list for PBXNativeTarget "VisionGestures" */;
			buildPhases = (
				281DF55F2AEEA4460049D1B9 /* Sources */,
				281DF5602AEEA4460049D1B9 /* Frameworks */,
				281DF5612AEEA4460049D1B9 /* Resources */,
			);
			buildRules = (
			);
			dependencies = (
			);
			name = VisionGestures;
			packageProductDependencies = (
				281DF5682AEEA4460049D1B9 /* RealityKitContent */,
			);
			productName = VisionGestures;
			productReference = 281DF5632AEEA4460049D1B9 /* VisionGestures.app */;
			productType = "com.apple.product-type.application";
		};
/* End PBXNativeTarget section */

/* Begin PBXProject section */
		281DF55B2AEEA4460049D1B9 /* Project object */ = {
			isa = PBXProject;
			attributes = {
				BuildIndependentTargetsInParallel = 1;
				LastSwiftUpdateCheck = 1500;
				LastUpgradeCheck = 1500;
				TargetAttributes = {
					281DF5622AEEA4460049D1B9 = {
						CreatedOnToolsVersion = 15.0;
					};
				};
			};
			buildConfigurationList = 281DF55E2AEEA4460049D1B9 /* Build configuration list for PBXProject "VisionGestures" */;
			compatibilityVersion = "Xcode 14.0";
			developmentRegion = en;
			hasScannedForEncodings = 0;
			knownRegions = (
				en,
				Base,
			);
			mainGroup = 281DF55A2AEEA4460049D1B9;
			productRefGroup = 281DF5642AEEA4460049D1B9 /* Products */;
			projectDirPath = "";
			projectRoot = "";
			targets = (
				281DF5622AEEA4460049D1B9 /* VisionGestures */,
			);
		};
/* End PBXProject section */

/* Begin PBXResourcesBuildPhase section */
		281DF5612AEEA4460049D1B9 /* Resources */ = {
			isa = PBXResourcesBuildPhase;
			buildActionMask = 2147483647;
			files = (
				281DF5722AEEA4470049D1B9 /* Preview Assets.xcassets in Resources */,
				281DF56F2AEEA4470049D1B9 /* Assets.xcassets in Resources */,
			);
			runOnlyForDeploymentPostprocessing = 0;
		};
/* End PBXResourcesBuildPhase section */

/* Begin PBXSourcesBuildPhase section */
		281DF55F2AEEA4460049D1B9 /* Sources */ = {
			isa = PBXSourcesBuildPhase;
			buildActionMask = 2147483647;
			files = (
				28C029A42B13B124006C4CB6 /* CubeTapGestureDetailView.swift in Sources */,
				28C029A62B13B14C006C4CB6 /* CubeSpatialTapGestureDetailView.swift in Sources */,
				28C029B02B13B183006C4CB6 /* CubeRotateGestureDetailView.swift in Sources */,
				28C029B42B13B1B9006C4CB6 /* CubeView.swift in Sources */,
				281DF56D2AEEA4460049D1B9 /* ContentView.swift in Sources */,
				281DF56B2AEEA4460049D1B9 /* VisionGesturesApp.swift in Sources */,
				28C029AA2B13B15E006C4CB6 /* CubeSpatialEventGestureDetailView.swift in Sources */,
				28C029A82B13B154006C4CB6 /* CubeLongPressGestureDetailView.swift in Sources */,
				28C029AE2B13B179006C4CB6 /* CubeMagnifyGestureDetailView.swift in Sources */,
				28C029B22B13B18A006C4CB6 /* CubeRotateGesture3DDetailView.swift in Sources */,
				28C029AC2B13B167006C4CB6 /* CubeDragGestureDetailView.swift in Sources */,
			);
			runOnlyForDeploymentPostprocessing = 0;
		};
/* End PBXSourcesBuildPhase section */

/* Begin XCBuildConfiguration section */
		281DF5742AEEA4470049D1B9 /* Debug */ = {
			isa = XCBuildConfiguration;
			buildSettings = {
				ALWAYS_SEARCH_USER_PATHS = NO;
				ASSETCATALOG_COMPILER_GENERATE_SWIFT_ASSET_SYMBOL_EXTENSIONS = YES;
				CLANG_ANALYZER_NONNULL = YES;
				CLANG_ANALYZER_NUMBER_OBJECT_CONVERSION = YES_AGGRESSIVE;
				CLANG_CXX_LANGUAGE_STANDARD = "gnu++20";
				CLANG_ENABLE_MODULES = YES;
				CLANG_ENABLE_OBJC_ARC = YES;
				CLANG_ENABLE_OBJC_WEAK = YES;
				CLANG_WARN_BLOCK_CAPTURE_AUTORELEASING = YES;
				CLANG_WARN_BOOL_CONVERSION = YES;
				CLANG_WARN_COMMA = YES;
				CLANG_WARN_CONSTANT_CONVERSION = YES;
				CLANG_WARN_DEPRECATED_OBJC_IMPLEMENTATIONS = YES;
				CLANG_WARN_DIRECT_OBJC_ISA_USAGE = YES_ERROR;
				CLANG_WARN_DOCUMENTATION_COMMENTS = YES;
				CLANG_WARN_EMPTY_BODY = YES;
				CLANG_WARN_ENUM_CONVERSION = YES;
				CLANG_WARN_INFINITE_RECURSION = YES;
				CLANG_WARN_INT_CONVERSION = YES;
				CLANG_WARN_NON_LITERAL_NULL_CONVERSION = YES;
				CLANG_WARN_OBJC_IMPLICIT_RETAIN_SELF = YES;
				CLANG_WARN_OBJC_LITERAL_CONVERSION = YES;
				CLANG_WARN_OBJC_ROOT_CLASS = YES_ERROR;
				CLANG_WARN_QUOTED_INCLUDE_IN_FRAMEWORK_HEADER = YES;
				CLANG_WARN_RANGE_LOOP_ANALYSIS = YES;
				CLANG_WARN_STRICT_PROTOTYPES = YES;
				CLANG_WARN_SUSPICIOUS_MOVE = YES;
				CLANG_WARN_UNGUARDED_AVAILABILITY = YES_AGGRESSIVE;
				CLANG_WARN_UNREACHABLE_CODE = YES;
				CLANG_WARN__DUPLICATE_METHOD_MATCH = YES;
				COPY_PHASE_STRIP = NO;
				DEBUG_INFORMATION_FORMAT = dwarf;
				ENABLE_STRICT_OBJC_MSGSEND = YES;
				ENABLE_TESTABILITY = YES;
				ENABLE_USER_SCRIPT_SANDBOXING = YES;
				GCC_C_LANGUAGE_STANDARD = gnu17;
				GCC_DYNAMIC_NO_PIC = NO;
				GCC_NO_COMMON_BLOCKS = YES;
				GCC_OPTIMIZATION_LEVEL = 0;
				GCC_PREPROCESSOR_DEFINITIONS = (
					"DEBUG=1",
					"$(inherited)",
				);
				GCC_WARN_64_TO_32_BIT_CONVERSION = YES;
				GCC_WARN_ABOUT_RETURN_TYPE = YES_ERROR;
				GCC_WARN_UNDECLARED_SELECTOR = YES;
				GCC_WARN_UNINITIALIZED_AUTOS = YES_AGGRESSIVE;
				GCC_WARN_UNUSED_FUNCTION = YES;
				GCC_WARN_UNUSED_VARIABLE = YES;
				LOCALIZATION_PREFERS_STRING_CATALOGS = YES;
				MTL_ENABLE_DEBUG_INFO = INCLUDE_SOURCE;
				MTL_FAST_MATH = YES;
				ONLY_ACTIVE_ARCH = YES;
				SDKROOT = xros;
				SWIFT_ACTIVE_COMPILATION_CONDITIONS = "DEBUG $(inherited)";
				SWIFT_OPTIMIZATION_LEVEL = "-Onone";
				XROS_DEPLOYMENT_TARGET = 1.0;
			};
			name = Debug;
		};
		281DF5752AEEA4470049D1B9 /* Release */ = {
			isa = XCBuildConfiguration;
			buildSettings = {
				ALWAYS_SEARCH_USER_PATHS = NO;
				ASSETCATALOG_COMPILER_GENERATE_SWIFT_ASSET_SYMBOL_EXTENSIONS = YES;
				CLANG_ANALYZER_NONNULL = YES;
				CLANG_ANALYZER_NUMBER_OBJECT_CONVERSION = YES_AGGRESSIVE;
				CLANG_CXX_LANGUAGE_STANDARD = "gnu++20";
				CLANG_ENABLE_MODULES = YES;
				CLANG_ENABLE_OBJC_ARC = YES;
				CLANG_ENABLE_OBJC_WEAK = YES;
				CLANG_WARN_BLOCK_CAPTURE_AUTORELEASING = YES;
				CLANG_WARN_BOOL_CONVERSION = YES;
				CLANG_WARN_COMMA = YES;
				CLANG_WARN_CONSTANT_CONVERSION = YES;
				CLANG_WARN_DEPRECATED_OBJC_IMPLEMENTATIONS = YES;
				CLANG_WARN_DIRECT_OBJC_ISA_USAGE = YES_ERROR;
				CLANG_WARN_DOCUMENTATION_COMMENTS = YES;
				CLANG_WARN_EMPTY_BODY = YES;
				CLANG_WARN_ENUM_CONVERSION = YES;
				CLANG_WARN_INFINITE_RECURSION = YES;
				CLANG_WARN_INT_CONVERSION = YES;
				CLANG_WARN_NON_LITERAL_NULL_CONVERSION = YES;
				CLANG_WARN_OBJC_IMPLICIT_RETAIN_SELF = YES;
				CLANG_WARN_OBJC_LITERAL_CONVERSION = YES;
				CLANG_WARN_OBJC_ROOT_CLASS = YES_ERROR;
				CLANG_WARN_QUOTED_INCLUDE_IN_FRAMEWORK_HEADER = YES;
				CLANG_WARN_RANGE_LOOP_ANALYSIS = YES;
				CLANG_WARN_STRICT_PROTOTYPES = YES;
				CLANG_WARN_SUSPICIOUS_MOVE = YES;
				CLANG_WARN_UNGUARDED_AVAILABILITY = YES_AGGRESSIVE;
				CLANG_WARN_UNREACHABLE_CODE = YES;
				CLANG_WARN__DUPLICATE_METHOD_MATCH = YES;
				COPY_PHASE_STRIP = NO;
				DEBUG_INFORMATION_FORMAT = "dwarf-with-dsym";
				ENABLE_NS_ASSERTIONS = NO;
				ENABLE_STRICT_OBJC_MSGSEND = YES;
				ENABLE_USER_SCRIPT_SANDBOXING = YES;
				GCC_C_LANGUAGE_STANDARD = gnu17;
				GCC_NO_COMMON_BLOCKS = YES;
				GCC_WARN_64_TO_32_BIT_CONVERSION = YES;
				GCC_WARN_ABOUT_RETURN_TYPE = YES_ERROR;
				GCC_WARN_UNDECLARED_SELECTOR = YES;
				GCC_WARN_UNINITIALIZED_AUTOS = YES_AGGRESSIVE;
				GCC_WARN_UNUSED_FUNCTION = YES;
				GCC_WARN_UNUSED_VARIABLE = YES;
				LOCALIZATION_PREFERS_STRING_CATALOGS = YES;
				MTL_ENABLE_DEBUG_INFO = NO;
				MTL_FAST_MATH = YES;
				SDKROOT = xros;
				SWIFT_COMPILATION_MODE = wholemodule;
				VALIDATE_PRODUCT = YES;
				XROS_DEPLOYMENT_TARGET = 1.0;
			};
			name = Release;
		};
		281DF5772AEEA4470049D1B9 /* Debug */ = {
			isa = XCBuildConfiguration;
			buildSettings = {
				ASSETCATALOG_COMPILER_APPICON_NAME = AppIcon;
				ASSETCATALOG_COMPILER_GLOBAL_ACCENT_COLOR_NAME = AccentColor;
				CODE_SIGN_STYLE = Automatic;
				CURRENT_PROJECT_VERSION = 1;
				DEVELOPMENT_ASSET_PATHS = "\"VisionGestures/Preview Content\"";
				ENABLE_PREVIEWS = YES;
				GENERATE_INFOPLIST_FILE = YES;
				INFOPLIST_FILE = "$(TARGET_NAME)/Info.plist";
				LD_RUNPATH_SEARCH_PATHS = (
					"$(inherited)",
					"@executable_path/Frameworks",
				);
				MARKETING_VERSION = 1.0;
				PRODUCT_BUNDLE_IDENTIFIER = com.somecompany.VisionGestures;
				PRODUCT_NAME = "$(TARGET_NAME)";
				SUPPORTED_PLATFORMS = "xros xrsimulator";
				SWIFT_EMIT_LOC_STRINGS = YES;
				SWIFT_VERSION = 5.0;
				TARGETED_DEVICE_FAMILY = "1,2,7";
			};
			name = Debug;
		};
		281DF5782AEEA4470049D1B9 /* Release */ = {
			isa = XCBuildConfiguration;
			buildSettings = {
				ASSETCATALOG_COMPILER_APPICON_NAME = AppIcon;
				ASSETCATALOG_COMPILER_GLOBAL_ACCENT_COLOR_NAME = AccentColor;
				CODE_SIGN_STYLE = Automatic;
				CURRENT_PROJECT_VERSION = 1;
				DEVELOPMENT_ASSET_PATHS = "\"VisionGestures/Preview Content\"";
				ENABLE_PREVIEWS = YES;
				GENERATE_INFOPLIST_FILE = YES;
				INFOPLIST_FILE = "$(TARGET_NAME)/Info.plist";
				LD_RUNPATH_SEARCH_PATHS = (
					"$(inherited)",
					"@executable_path/Frameworks",
				);
				MARKETING_VERSION = 1.0;
				PRODUCT_BUNDLE_IDENTIFIER = com.somecompany.VisionGestures;
				PRODUCT_NAME = "$(TARGET_NAME)";
				SUPPORTED_PLATFORMS = "xros xrsimulator";
				SWIFT_EMIT_LOC_STRINGS = YES;
				SWIFT_VERSION = 5.0;
				TARGETED_DEVICE_FAMILY = "1,2,7";
			};
			name = Release;
		};
/* End XCBuildConfiguration section */

/* Begin XCConfigurationList section */
		281DF55E2AEEA4460049D1B9 /* Build configuration list for PBXProject "VisionGestures" */ = {
			isa = XCConfigurationList;
			buildConfigurations = (
				281DF5742AEEA4470049D1B9 /* Debug */,
				281DF5752AEEA4470049D1B9 /* Release */,
			);
			defaultConfigurationIsVisible = 0;
			defaultConfigurationName = Release;
		};
		281DF5762AEEA4470049D1B9 /* Build configuration list for PBXNativeTarget "VisionGestures" */ = {
			isa = XCConfigurationList;
			buildConfigurations = (
				281DF5772AEEA4470049D1B9 /* Debug */,
				281DF5782AEEA4470049D1B9 /* Release */,
			);
			defaultConfigurationIsVisible = 0;
			defaultConfigurationName = Release;
		};
/* End XCConfigurationList section */

/* Begin XCSwiftPackageProductDependency section */
		281DF5682AEEA4460049D1B9 /* RealityKitContent */ = {
			isa = XCSwiftPackageProductDependency;
			productName = RealityKitContent;
		};
/* End XCSwiftPackageProductDependency section */
	};
	rootObject = 281DF55B2AEEA4460049D1B9 /* Project object */;
}
